hash: 446755499a7980484625361b64a4ab1c61cbb38226347acaa0ff0ba667336d40
updated: 2019-05-19T20:39:27.671248+09:00
imports: []
testImports:
- name: github.com/bearbin/go-age
  version: 316d0c1e7cd1ecf68e4313ac739dc8a714f63934
- name: github.com/davecgh/go-spew
  version: 04cdfd42973bb9c8589fd6a731800cf222fde1a9
  subpackages:
  - spew
- name: github.com/pmezard/go-difflib
  version: d8ed2627bdf02c080bf22230dbb337003b7aba2d
  subpackages:
  - difflib
- name: github.com/stretchr/testify
  version: ffdc059bfe9ce6a4e144ba849dbedead332c6053
  subpackages:
  - assert
